// !$*UTF8*$!
{
	archiveVersion = 1;
	classes = {
	};
	objectVersion = 48;
	objects = {

/* Begin PBXBuildFile section */
		C904A5281F8F01BE00A878EE /* main.m in Sources */ = {isa = PBXBuildFile; fileRef = C93744991F8CBF8300F01614 /* main.m */; };
		C904A5291F8F01CE00A878EE /* AppDelegate.m in Sources */ = {isa = PBXBuildFile; fileRef = C937448E1F8C960600F01614 /* AppDelegate.m */; };
		C904A52E1F8F04B100A878EE /* MainTabBarController.m in Sources */ = {isa = PBXBuildFile; fileRef = C904A52D1F8F04B100A878EE /* MainTabBarController.m */; };
		C904A5321F8F067A00A878EE /* AppDelegate+AppSevice.m in Sources */ = {isa = PBXBuildFile; fileRef = C904A5311F8F067A00A878EE /* AppDelegate+AppSevice.m */; };
		C904A5331F8F096800A878EE /* Assets.xcassets in Resources */ = {isa = PBXBuildFile; fileRef = C93744931F8CBF8300F01614 /* Assets.xcassets */; };
		C904A54C1F8F132A00A878EE /* HomeViewController.m in Sources */ = {isa = PBXBuildFile; fileRef = C904A54B1F8F132A00A878EE /* HomeViewController.m */; };
		C904A54F1F8F134200A878EE /* MessageViewController.m in Sources */ = {isa = PBXBuildFile; fileRef = C904A54E1F8F134200A878EE /* MessageViewController.m */; };
		C904A5521F8F136C00A878EE /* MineViewController.m in Sources */ = {isa = PBXBuildFile; fileRef = C904A5511F8F136C00A878EE /* MineViewController.m */; };
		C934F9531F90B3C100275D4B /* ColorManager.m in Sources */ = {isa = PBXBuildFile; fileRef = C934F9521F90B3C100275D4B /* ColorManager.m */; };
		C9357E3B1F94476C009BE840 /* MessageTableView.m in Sources */ = {isa = PBXBuildFile; fileRef = C9357E3A1F94476C009BE840 /* MessageTableView.m */; };
		C9357E3E1F944E54009BE840 /* MessageHeaderView.m in Sources */ = {isa = PBXBuildFile; fileRef = C9357E3D1F944E54009BE840 /* MessageHeaderView.m */; };
		C9357E411F944E7F009BE840 /* NavView.m in Sources */ = {isa = PBXBuildFile; fileRef = C9357E401F944E7F009BE840 /* NavView.m */; };
		C93744741F8C955400F01614 /* SimpleToolTests.m in Sources */ = {isa = PBXBuildFile; fileRef = C93744731F8C955400F01614 /* SimpleToolTests.m */; };
		C937447F1F8C955400F01614 /* SimpleToolUITests.m in Sources */ = {isa = PBXBuildFile; fileRef = C937447E1F8C955400F01614 /* SimpleToolUITests.m */; };
		C966FD5E1FB02A03004BDA8B /* FontManager.m in Sources */ = {isa = PBXBuildFile; fileRef = C966FD5D1FB02A03004BDA8B /* FontManager.m */; };
		D44F7617B47B9541FC032511 /* libPods-SimpleTool.a in Frameworks */ = {isa = PBXBuildFile; fileRef = F550A440F19821F749C446E3 /* libPods-SimpleTool.a */; };
/* End PBXBuildFile section */

/* Begin PBXContainerItemProxy section */
		C93744701F8C955400F01614 /* PBXContainerItemProxy */ = {
			isa = PBXContainerItemProxy;
			containerPortal = C937444F1F8C955300F01614 /* Project object */;
			proxyType = 1;
			remoteGlobalIDString = C93744561F8C955300F01614;
			remoteInfo = SimpleTool;
		};
		C937447B1F8C955400F01614 /* PBXContainerItemProxy */ = {
			isa = PBXContainerItemProxy;
			containerPortal = C937444F1F8C955300F01614 /* Project object */;
			proxyType = 1;
			remoteGlobalIDString = C93744561F8C955300F01614;
			remoteInfo = SimpleTool;
		};
/* End PBXContainerItemProxy section */

/* Begin PBXFileReference section */
		1225DE9B1B7BDFEBB61EE760 /* Pods-SimpleTool.release.xcconfig */ = {isa = PBXFileReference; includeInIndex = 1; lastKnownFileType = text.xcconfig; name = "Pods-SimpleTool.release.xcconfig"; path = "Pods/Target Support Files/Pods-SimpleTool/Pods-SimpleTool.release.xcconfig"; sourceTree = "<group>"; };
		8A686C3070A0B7A9316445FB /* Pods-SimpleTool.debug.xcconfig */ = {isa = PBXFileReference; includeInIndex = 1; lastKnownFileType = text.xcconfig; name = "Pods-SimpleTool.debug.xcconfig"; path = "Pods/Target Support Files/Pods-SimpleTool/Pods-SimpleTool.debug.xcconfig"; sourceTree = "<group>"; };
		C904A51A1F8DF4C100A878EE /* UtilsMacros.h */ = {isa = PBXFileReference; lastKnownFileType = sourcecode.c.h; path = UtilsMacros.h; sourceTree = "<group>"; };
		C904A52C1F8F04B100A878EE /* MainTabBarController.h */ = {isa = PBXFileReference; lastKnownFileType = sourcecode.c.h; path = MainTabBarController.h; sourceTree = "<group>"; };
		C904A52D1F8F04B100A878EE /* MainTabBarController.m */ = {isa = PBXFileReference; lastKnownFileType = sourcecode.c.objc; path = MainTabBarController.m; sourceTree = "<group>"; };
		C904A5301F8F067A00A878EE /* AppDelegate+AppSevice.h */ = {isa = PBXFileReference; lastKnownFileType = sourcecode.c.h; path = "AppDelegate+AppSevice.h"; sourceTree = "<group>"; };
		C904A5311F8F067A00A878EE /* AppDelegate+AppSevice.m */ = {isa = PBXFileReference; lastKnownFileType = sourcecode.c.objc; path = "AppDelegate+AppSevice.m"; sourceTree = "<group>"; };
		C904A54A1F8F132A00A878EE /* HomeViewController.h */ = {isa = PBXFileReference; lastKnownFileType = sourcecode.c.h; path = HomeViewController.h; sourceTree = "<group>"; };
		C904A54B1F8F132A00A878EE /* HomeViewController.m */ = {isa = PBXFileReference; lastKnownFileType = sourcecode.c.objc; path = HomeViewController.m; sourceTree = "<group>"; };
		C904A54D1F8F134200A878EE /* MessageViewController.h */ = {isa = PBXFileReference; lastKnownFileType = sourcecode.c.h; path = MessageViewController.h; sourceTree = "<group>"; };
		C904A54E1F8F134200A878EE /* MessageViewController.m */ = {isa = PBXFileReference; lastKnownFileType = sourcecode.c.objc; path = MessageViewController.m; sourceTree = "<group>"; };
		C904A5501F8F136C00A878EE /* MineViewController.h */ = {isa = PBXFileReference; lastKnownFileType = sourcecode.c.h; path = MineViewController.h; sourceTree = "<group>"; };
		C904A5511F8F136C00A878EE /* MineViewController.m */ = {isa = PBXFileReference; lastKnownFileType = sourcecode.c.objc; path = MineViewController.m; sourceTree = "<group>"; };
		C934F9511F90B3C100275D4B /* ColorManager.h */ = {isa = PBXFileReference; lastKnownFileType = sourcecode.c.h; path = ColorManager.h; sourceTree = "<group>"; };
		C934F9521F90B3C100275D4B /* ColorManager.m */ = {isa = PBXFileReference; lastKnownFileType = sourcecode.c.objc; path = ColorManager.m; sourceTree = "<group>"; };
		C9357E391F94476C009BE840 /* MessageTableView.h */ = {isa = PBXFileReference; lastKnownFileType = sourcecode.c.h; path = MessageTableView.h; sourceTree = "<group>"; };
		C9357E3A1F94476C009BE840 /* MessageTableView.m */ = {isa = PBXFileReference; lastKnownFileType = sourcecode.c.objc; path = MessageTableView.m; sourceTree = "<group>"; };
		C9357E3C1F944E54009BE840 /* MessageHeaderView.h */ = {isa = PBXFileReference; lastKnownFileType = sourcecode.c.h; path = MessageHeaderView.h; sourceTree = "<group>"; };
		C9357E3D1F944E54009BE840 /* MessageHeaderView.m */ = {isa = PBXFileReference; lastKnownFileType = sourcecode.c.objc; path = MessageHeaderView.m; sourceTree = "<group>"; };
		C9357E3F1F944E7F009BE840 /* NavView.h */ = {isa = PBXFileReference; lastKnownFileType = sourcecode.c.h; path = NavView.h; sourceTree = "<group>"; };
		C9357E401F944E7F009BE840 /* NavView.m */ = {isa = PBXFileReference; lastKnownFileType = sourcecode.c.objc; path = NavView.m; sourceTree = "<group>"; };
		C93744571F8C955300F01614 /* SimpleTool.app */ = {isa = PBXFileReference; explicitFileType = wrapper.application; includeInIndex = 0; path = SimpleTool.app; sourceTree = BUILT_PRODUCTS_DIR; };
		C937446F1F8C955400F01614 /* SimpleToolTests.xctest */ = {isa = PBXFileReference; explicitFileType = wrapper.cfbundle; includeInIndex = 0; path = SimpleToolTests.xctest; sourceTree = BUILT_PRODUCTS_DIR; };
		C93744731F8C955400F01614 /* SimpleToolTests.m */ = {isa = PBXFileReference; lastKnownFileType = sourcecode.c.objc; path = SimpleToolTests.m; sourceTree = "<group>"; };
		C93744751F8C955400F01614 /* Info.plist */ = {isa = PBXFileReference; lastKnownFileType = text.plist.xml; path = Info.plist; sourceTree = "<group>"; };
		C937447A1F8C955400F01614 /* SimpleToolUITests.xctest */ = {isa = PBXFileReference; explicitFileType = wrapper.cfbundle; includeInIndex = 0; path = SimpleToolUITests.xctest; sourceTree = BUILT_PRODUCTS_DIR; };
		C937447E1F8C955400F01614 /* SimpleToolUITests.m */ = {isa = PBXFileReference; lastKnownFileType = sourcecode.c.objc; path = SimpleToolUITests.m; sourceTree = "<group>"; };
		C93744801F8C955400F01614 /* Info.plist */ = {isa = PBXFileReference; lastKnownFileType = text.plist.xml; path = Info.plist; sourceTree = "<group>"; };
		C937448D1F8C960600F01614 /* AppDelegate.h */ = {isa = PBXFileReference; lastKnownFileType = sourcecode.c.h; path = AppDelegate.h; sourceTree = "<group>"; };
		C937448E1F8C960600F01614 /* AppDelegate.m */ = {isa = PBXFileReference; lastKnownFileType = sourcecode.c.objc; path = AppDelegate.m; sourceTree = "<group>"; };
		C93744931F8CBF8300F01614 /* Assets.xcassets */ = {isa = PBXFileReference; lastKnownFileType = folder.assetcatalog; path = Assets.xcassets; sourceTree = "<group>"; };
		C93744981F8CBF8300F01614 /* Info.plist */ = {isa = PBXFileReference; lastKnownFileType = text.plist.xml; path = Info.plist; sourceTree = "<group>"; };
		C93744991F8CBF8300F01614 /* main.m */ = {isa = PBXFileReference; lastKnownFileType = sourcecode.c.objc; path = main.m; sourceTree = "<group>"; };
		C937449A1F8CC55B00F01614 /* PrefixHeader.pch */ = {isa = PBXFileReference; lastKnownFileType = sourcecode.c.h; path = PrefixHeader.pch; sourceTree = "<group>"; };
		C966FD5C1FB02A03004BDA8B /* FontManager.h */ = {isa = PBXFileReference; lastKnownFileType = sourcecode.c.h; path = FontManager.h; sourceTree = "<group>"; };
		C966FD5D1FB02A03004BDA8B /* FontManager.m */ = {isa = PBXFileReference; lastKnownFileType = sourcecode.c.objc; path = FontManager.m; sourceTree = "<group>"; };
		F550A440F19821F749C446E3 /* libPods-SimpleTool.a */ = {isa = PBXFileReference; explicitFileType = archive.ar; includeInIndex = 0; path = "libPods-SimpleTool.a"; sourceTree = BUILT_PRODUCTS_DIR; };
/* End PBXFileReference section */

/* Begin PBXFrameworksBuildPhase section */
		C93744541F8C955300F01614 /* Frameworks */ = {
			isa = PBXFrameworksBuildPhase;
			buildActionMask = 2147483647;
			files = (
				D44F7617B47B9541FC032511 /* libPods-SimpleTool.a in Frameworks */,
			);
			runOnlyForDeploymentPostprocessing = 0;
		};
		C937446C1F8C955400F01614 /* Frameworks */ = {
			isa = PBXFrameworksBuildPhase;
			buildActionMask = 2147483647;
			files = (
			);
			runOnlyForDeploymentPostprocessing = 0;
		};
		C93744771F8C955400F01614 /* Frameworks */ = {
			isa = PBXFrameworksBuildPhase;
			buildActionMask = 2147483647;
			files = (
			);
			runOnlyForDeploymentPostprocessing = 0;
		};
/* End PBXFrameworksBuildPhase section */

/* Begin PBXGroup section */
		667E1D052903A46CB6DEB3BC /* Pods */ = {
			isa = PBXGroup;
			children = (
				8A686C3070A0B7A9316445FB /* Pods-SimpleTool.debug.xcconfig */,
				1225DE9B1B7BDFEBB61EE760 /* Pods-SimpleTool.release.xcconfig */,
			);
			name = Pods;
			sourceTree = "<group>";
		};
		C904A52B1F8F047F00A878EE /* Base */ = {
			isa = PBXGroup;
			children = (
				C904A52C1F8F04B100A878EE /* MainTabBarController.h */,
				C904A52D1F8F04B100A878EE /* MainTabBarController.m */,
				C9357E3F1F944E7F009BE840 /* NavView.h */,
				C9357E401F944E7F009BE840 /* NavView.m */,
			);
			path = Base;
			sourceTree = "<group>";
		};
		C904A53A1F8F122B00A878EE /* Mine */ = {
			isa = PBXGroup;
			children = (
				C904A53B1F8F122B00A878EE /* Controller */,
				C904A53D1F8F122B00A878EE /* Model */,
				C904A53E1F8F122B00A878EE /* View */,
				C904A53C1F8F122B00A878EE /* Logic */,
			);
			path = Mine;
			sourceTree = "<group>";
		};
		C904A53B1F8F122B00A878EE /* Controller */ = {
			isa = PBXGroup;
			children = (
				C904A5501F8F136C00A878EE /* MineViewController.h */,
				C904A5511F8F136C00A878EE /* MineViewController.m */,
			);
			path = Controller;
			sourceTree = "<group>";
		};
		C904A53C1F8F122B00A878EE /* Logic */ = {
			isa = PBXGroup;
			children = (
			);
			path = Logic;
			sourceTree = "<group>";
		};
		C904A53D1F8F122B00A878EE /* Model */ = {
			isa = PBXGroup;
			children = (
			);
			path = Model;
			sourceTree = "<group>";
		};
		C904A53E1F8F122B00A878EE /* View */ = {
			isa = PBXGroup;
			children = (
			);
			path = View;
			sourceTree = "<group>";
		};
		C904A53F1F8F122B00A878EE /* Home */ = {
			isa = PBXGroup;
			children = (
				C904A5401F8F122B00A878EE /* Controller */,
				C904A5421F8F122B00A878EE /* Model */,
				C904A5431F8F122B00A878EE /* View */,
				C904A5411F8F122B00A878EE /* Logic */,
			);
			path = Home;
			sourceTree = "<group>";
		};
		C904A5401F8F122B00A878EE /* Controller */ = {
			isa = PBXGroup;
			children = (
				C904A54A1F8F132A00A878EE /* HomeViewController.h */,
				C904A54B1F8F132A00A878EE /* HomeViewController.m */,
			);
			path = Controller;
			sourceTree = "<group>";
		};
		C904A5411F8F122B00A878EE /* Logic */ = {
			isa = PBXGroup;
			children = (
			);
			path = Logic;
			sourceTree = "<group>";
		};
		C904A5421F8F122B00A878EE /* Model */ = {
			isa = PBXGroup;
			children = (
			);
			path = Model;
			sourceTree = "<group>";
		};
		C904A5431F8F122B00A878EE /* View */ = {
			isa = PBXGroup;
			children = (
			);
			path = View;
			sourceTree = "<group>";
		};
		C904A5441F8F122B00A878EE /* Message */ = {
			isa = PBXGroup;
			children = (
				C904A5451F8F122B00A878EE /* Controller */,
				C904A5471F8F122B00A878EE /* Model */,
				C904A5481F8F122B00A878EE /* View */,
				C904A5461F8F122B00A878EE /* Logic */,
			);
			path = Message;
			sourceTree = "<group>";
		};
		C904A5451F8F122B00A878EE /* Controller */ = {
			isa = PBXGroup;
			children = (
				C904A54D1F8F134200A878EE /* MessageViewController.h */,
				C904A54E1F8F134200A878EE /* MessageViewController.m */,
			);
			path = Controller;
			sourceTree = "<group>";
		};
		C904A5461F8F122B00A878EE /* Logic */ = {
			isa = PBXGroup;
			children = (
			);
			path = Logic;
			sourceTree = "<group>";
		};
		C904A5471F8F122B00A878EE /* Model */ = {
			isa = PBXGroup;
			children = (
			);
			path = Model;
			sourceTree = "<group>";
		};
		C904A5481F8F122B00A878EE /* View */ = {
			isa = PBXGroup;
			children = (
				C9357E391F94476C009BE840 /* MessageTableView.h */,
				C9357E3A1F94476C009BE840 /* MessageTableView.m */,
				C9357E3C1F944E54009BE840 /* MessageHeaderView.h */,
				C9357E3D1F944E54009BE840 /* MessageHeaderView.m */,
			);
			path = View;
			sourceTree = "<group>";
		};
		C904A5491F8F130200A878EE /* Manager */ = {
			isa = PBXGroup;
			children = (
				C934F9511F90B3C100275D4B /* ColorManager.h */,
				C934F9521F90B3C100275D4B /* ColorManager.m */,
				C966FD5C1FB02A03004BDA8B /* FontManager.h */,
				C966FD5D1FB02A03004BDA8B /* FontManager.m */,
			);
			path = Manager;
			sourceTree = "<group>";
		};
		C937444E1F8C955300F01614 = {
			isa = PBXGroup;
			children = (
				C93744591F8C955300F01614 /* SimpleTool */,
				C93744721F8C955400F01614 /* SimpleToolTests */,
				C937447D1F8C955400F01614 /* SimpleToolUITests */,
				C93744581F8C955300F01614 /* Products */,
				667E1D052903A46CB6DEB3BC /* Pods */,
				F3749731049B63661D28ADC9 /* Frameworks */,
			);
			sourceTree = "<group>";
		};
		C93744581F8C955300F01614 /* Products */ = {
			isa = PBXGroup;
			children = (
				C93744571F8C955300F01614 /* SimpleTool.app */,
				C937446F1F8C955400F01614 /* SimpleToolTests.xctest */,
				C937447A1F8C955400F01614 /* SimpleToolUITests.xctest */,
			);
			name = Products;
			sourceTree = "<group>";
		};
		C93744591F8C955300F01614 /* SimpleTool */ = {
			isa = PBXGroup;
			children = (
				C937448C1F8C960600F01614 /* AppDelegate */,
				C904A52B1F8F047F00A878EE /* Base */,
				C937448F1F8C960F00F01614 /* Module */,
				C937449B1F8CC62700F01614 /* Define */,
				C904A5491F8F130200A878EE /* Manager */,
				C93744921F8CBF8300F01614 /* Supporting Files */,
			);
			path = SimpleTool;
			sourceTree = "<group>";
		};
		C93744721F8C955400F01614 /* SimpleToolTests */ = {
			isa = PBXGroup;
			children = (
				C93744731F8C955400F01614 /* SimpleToolTests.m */,
				C93744751F8C955400F01614 /* Info.plist */,
			);
			path = SimpleToolTests;
			sourceTree = "<group>";
		};
		C937447D1F8C955400F01614 /* SimpleToolUITests */ = {
			isa = PBXGroup;
			children = (
				C937447E1F8C955400F01614 /* SimpleToolUITests.m */,
				C93744801F8C955400F01614 /* Info.plist */,
			);
			path = SimpleToolUITests;
			sourceTree = "<group>";
		};
		C937448C1F8C960600F01614 /* AppDelegate */ = {
			isa = PBXGroup;
			children = (
				C937448D1F8C960600F01614 /* AppDelegate.h */,
				C937448E1F8C960600F01614 /* AppDelegate.m */,
				C904A5301F8F067A00A878EE /* AppDelegate+AppSevice.h */,
				C904A5311F8F067A00A878EE /* AppDelegate+AppSevice.m */,
			);
			path = AppDelegate;
			sourceTree = "<group>";
		};
		C937448F1F8C960F00F01614 /* Module */ = {
			isa = PBXGroup;
			children = (
				C904A53F1F8F122B00A878EE /* Home */,
				C904A5441F8F122B00A878EE /* Message */,
				C904A53A1F8F122B00A878EE /* Mine */,
			);
			path = Module;
			sourceTree = "<group>";
		};
		C93744921F8CBF8300F01614 /* Supporting Files */ = {
			isa = PBXGroup;
			children = (
				C93744931F8CBF8300F01614 /* Assets.xcassets */,
				C93744981F8CBF8300F01614 /* Info.plist */,
				C93744991F8CBF8300F01614 /* main.m */,
				C937449A1F8CC55B00F01614 /* PrefixHeader.pch */,
			);
			path = "Supporting Files";
			sourceTree = "<group>";
		};
		C937449B1F8CC62700F01614 /* Define */ = {
			isa = PBXGroup;
			children = (
				C904A51A1F8DF4C100A878EE /* UtilsMacros.h */,
			);
			path = Define;
			sourceTree = "<group>";
		};
		F3749731049B63661D28ADC9 /* Frameworks */ = {
			isa = PBXGroup;
			children = (
				F550A440F19821F749C446E3 /* libPods-SimpleTool.a */,
			);
			name = Frameworks;
			sourceTree = "<group>";
		};
/* End PBXGroup section */

/* Begin PBXNativeTarget section */
		C93744561F8C955300F01614 /* SimpleTool */ = {
			isa = PBXNativeTarget;
			buildConfigurationList = C93744831F8C955400F01614 /* Build configuration list for PBXNativeTarget "SimpleTool" */;
			buildPhases = (
				783C308CC1BBDAC9B6247BEE /* 📦 Check Pods Manifest.lock */,
				C93744531F8C955300F01614 /* Sources */,
				C93744541F8C955300F01614 /* Frameworks */,
				C93744551F8C955300F01614 /* Resources */,
				04B2E5B6C08ED82829BF5AA6 /* 📦 Embed Pods Frameworks */,
				B2D257CB21D40BCBE596CA28 /* 📦 Copy Pods Resources */,
			);
			buildRules = (
			);
			dependencies = (
			);
			name = SimpleTool;
			productName = SimpleTool;
			productReference = C93744571F8C955300F01614 /* SimpleTool.app */;
			productType = "com.apple.product-type.application";
		};
		C937446E1F8C955400F01614 /* SimpleToolTests */ = {
			isa = PBXNativeTarget;
			buildConfigurationList = C93744861F8C955400F01614 /* Build configuration list for PBXNativeTarget "SimpleToolTests" */;
			buildPhases = (
				C937446B1F8C955400F01614 /* Sources */,
				C937446C1F8C955400F01614 /* Frameworks */,
				C937446D1F8C955400F01614 /* Resources */,
			);
			buildRules = (
			);
			dependencies = (
				C93744711F8C955400F01614 /* PBXTargetDependency */,
			);
			name = SimpleToolTests;
			productName = SimpleToolTests;
			productReference = C937446F1F8C955400F01614 /* SimpleToolTests.xctest */;
			productType = "com.apple.product-type.bundle.unit-test";
		};
		C93744791F8C955400F01614 /* SimpleToolUITests */ = {
			isa = PBXNativeTarget;
			buildConfigurationList = C93744891F8C955500F01614 /* Build configuration list for PBXNativeTarget "SimpleToolUITests" */;
			buildPhases = (
				C93744761F8C955400F01614 /* Sources */,
				C93744771F8C955400F01614 /* Frameworks */,
				C93744781F8C955400F01614 /* Resources */,
			);
			buildRules = (
			);
			dependencies = (
				C937447C1F8C955400F01614 /* PBXTargetDependency */,
			);
			name = SimpleToolUITests;
			productName = SimpleToolUITests;
			productReference = C937447A1F8C955400F01614 /* SimpleToolUITests.xctest */;
			productType = "com.apple.product-type.bundle.ui-testing";
		};
/* End PBXNativeTarget section */

/* Begin PBXProject section */
		C937444F1F8C955300F01614 /* Project object */ = {
			isa = PBXProject;
			attributes = {
				LastUpgradeCheck = 0900;
				ORGANIZATIONNAME = com;
				TargetAttributes = {
					C93744561F8C955300F01614 = {
						CreatedOnToolsVersion = 9.0;
						ProvisioningStyle = Automatic;
					};
					C937446E1F8C955400F01614 = {
						CreatedOnToolsVersion = 9.0;
						ProvisioningStyle = Automatic;
						TestTargetID = C93744561F8C955300F01614;
					};
					C93744791F8C955400F01614 = {
						CreatedOnToolsVersion = 9.0;
						ProvisioningStyle = Automatic;
						TestTargetID = C93744561F8C955300F01614;
					};
				};
			};
			buildConfigurationList = C93744521F8C955300F01614 /* Build configuration list for PBXProject "SimpleTool" */;
			compatibilityVersion = "Xcode 8.0";
			developmentRegion = en;
			hasScannedForEncodings = 0;
			knownRegions = (
				en,
				Base,
			);
			mainGroup = C937444E1F8C955300F01614;
			productRefGroup = C93744581F8C955300F01614 /* Products */;
			projectDirPath = "";
			projectRoot = "";
			targets = (
				C93744561F8C955300F01614 /* SimpleTool */,
				C937446E1F8C955400F01614 /* SimpleToolTests */,
				C93744791F8C955400F01614 /* SimpleToolUITests */,
			);
		};
/* End PBXProject section */

/* Begin PBXResourcesBuildPhase section */
		C93744551F8C955300F01614 /* Resources */ = {
			isa = PBXResourcesBuildPhase;
			buildActionMask = 2147483647;
			files = (
				C904A5331F8F096800A878EE /* Assets.xcassets in Resources */,
			);
			runOnlyForDeploymentPostprocessing = 0;
		};
		C937446D1F8C955400F01614 /* Resources */ = {
			isa = PBXResourcesBuildPhase;
			buildActionMask = 2147483647;
			files = (
			);
			runOnlyForDeploymentPostprocessing = 0;
		};
		C93744781F8C955400F01614 /* Resources */ = {
			isa = PBXResourcesBuildPhase;
			buildActionMask = 2147483647;
			files = (
			);
			runOnlyForDeploymentPostprocessing = 0;
		};
/* End PBXResourcesBuildPhase section */

/* Begin PBXShellScriptBuildPhase section */
		04B2E5B6C08ED82829BF5AA6 /* 📦 Embed Pods Frameworks */ = {
			isa = PBXShellScriptBuildPhase;
			buildActionMask = 2147483647;
			files = (
			);
			inputPaths = (
			);
			name = "📦 Embed Pods Frameworks";
			outputPaths = (
			);
			runOnlyForDeploymentPostprocessing = 0;
			shellPath = /bin/sh;
			shellScript = "\"${SRCROOT}/Pods/Target Support Files/Pods-SimpleTool/Pods-SimpleTool-frameworks.sh\"\n";
			showEnvVarsInLog = 0;
		};
		783C308CC1BBDAC9B6247BEE /* 📦 Check Pods Manifest.lock */ = {
			isa = PBXShellScriptBuildPhase;
			buildActionMask = 2147483647;
			files = (
			);
			inputPaths = (
			);
			name = "📦 Check Pods Manifest.lock";
			outputPaths = (
			);
			runOnlyForDeploymentPostprocessing = 0;
			shellPath = /bin/sh;
			shellScript = "diff \"${PODS_ROOT}/../Podfile.lock\" \"${PODS_ROOT}/Manifest.lock\" > /dev/null\nif [[ $? != 0 ]] ; then\n    cat << EOM\nerror: The sandbox is not in sync with the Podfile.lock. Run 'pod install' or update your CocoaPods installation.\nEOM\n    exit 1\nfi\n";
			showEnvVarsInLog = 0;
		};
		B2D257CB21D40BCBE596CA28 /* 📦 Copy Pods Resources */ = {
			isa = PBXShellScriptBuildPhase;
			buildActionMask = 2147483647;
			files = (
			);
			inputPaths = (
			);
			name = "📦 Copy Pods Resources";
			outputPaths = (
			);
			runOnlyForDeploymentPostprocessing = 0;
			shellPath = /bin/sh;
			shellScript = "\"${SRCROOT}/Pods/Target Support Files/Pods-SimpleTool/Pods-SimpleTool-resources.sh\"\n";
			showEnvVarsInLog = 0;
		};
/* End PBXShellScriptBuildPhase section */

/* Begin PBXSourcesBuildPhase section */
		C93744531F8C955300F01614 /* Sources */ = {
			isa = PBXSourcesBuildPhase;
			buildActionMask = 2147483647;
			files = (
				C904A54F1F8F134200A878EE /* MessageViewController.m in Sources */,
				C9357E3B1F94476C009BE840 /* MessageTableView.m in Sources */,
				C966FD5E1FB02A03004BDA8B /* FontManager.m in Sources */,
				C904A5521F8F136C00A878EE /* MineViewController.m in Sources */,
				C904A52E1F8F04B100A878EE /* MainTabBarController.m in Sources */,
				C934F9531F90B3C100275D4B /* ColorManager.m in Sources */,
				C9357E3E1F944E54009BE840 /* MessageHeaderView.m in Sources */,
				C9357E411F944E7F009BE840 /* NavView.m in Sources */,
				C904A5291F8F01CE00A878EE /* AppDelegate.m in Sources */,
				C904A5281F8F01BE00A878EE /* main.m in Sources */,
				C904A54C1F8F132A00A878EE /* HomeViewController.m in Sources */,
				C904A5321F8F067A00A878EE /* AppDelegate+AppSevice.m in Sources */,
			);
			runOnlyForDeploymentPostprocessing = 0;
		};
		C937446B1F8C955400F01614 /* Sources */ = {
			isa = PBXSourcesBuildPhase;
			buildActionMask = 2147483647;
			files = (
				C93744741F8C955400F01614 /* SimpleToolTests.m in Sources */,
			);
			runOnlyForDeploymentPostprocessing = 0;
		};
		C93744761F8C955400F01614 /* Sources */ = {
			isa = PBXSourcesBuildPhase;
			buildActionMask = 2147483647;
			files = (
				C937447F1F8C955400F01614 /* SimpleToolUITests.m in Sources */,
			);
			runOnlyForDeploymentPostprocessing = 0;
		};
/* End PBXSourcesBuildPhase section */

/* Begin PBXTargetDependency section */
		C93744711F8C955400F01614 /* PBXTargetDependency */ = {
			isa = PBXTargetDependency;
			target = C93744561F8C955300F01614 /* SimpleTool */;
			targetProxy = C93744701F8C955400F01614 /* PBXContainerItemProxy */;
		};
		C937447C1F8C955400F01614 /* PBXTargetDependency */ = {
			isa = PBXTargetDependency;
			target = C93744561F8C955300F01614 /* SimpleTool */;
			targetProxy = C937447B1F8C955400F01614 /* PBXContainerItemProxy */;
		};
/* End PBXTargetDependency section */

/* Begin XCBuildConfiguration section */
		C93744811F8C955400F01614 /* Debug */ = {
			isa = XCBuildConfiguration;
			buildSettings = {
				ALWAYS_SEARCH_USER_PATHS = NO;
				CLANG_ANALYZER_NONNULL = YES;
				CLANG_ANALYZER_NUMBER_OBJECT_CONVERSION = YES_AGGRESSIVE;
				CLANG_CXX_LANGUAGE_STANDARD = "gnu++14";
				CLANG_CXX_LIBRARY = "libc++";
				CLANG_ENABLE_MODULES = YES;
				CLANG_ENABLE_OBJC_ARC = YES;
				CLANG_WARN_BLOCK_CAPTURE_AUTORELEASING = YES;
				CLANG_WARN_BOOL_CONVERSION = YES;
				CLANG_WARN_COMMA = YES;
				CLANG_WARN_CONSTANT_CONVERSION = YES;
				CLANG_WARN_DIRECT_OBJC_ISA_USAGE = YES_ERROR;
				CLANG_WARN_DOCUMENTATION_COMMENTS = YES;
				CLANG_WARN_EMPTY_BODY = YES;
				CLANG_WARN_ENUM_CONVERSION = YES;
				CLANG_WARN_INFINITE_RECURSION = YES;
				CLANG_WARN_INT_CONVERSION = YES;
				CLANG_WARN_NON_LITERAL_NULL_CONVERSION = YES;
				CLANG_WARN_OBJC_LITERAL_CONVERSION = YES;
				CLANG_WARN_OBJC_ROOT_CLASS = YES_ERROR;
				CLANG_WARN_RANGE_LOOP_ANALYSIS = YES;
				CLANG_WARN_STRICT_PROTOTYPES = YES;
				CLANG_WARN_SUSPICIOUS_MOVE = YES;
				CLANG_WARN_UNGUARDED_AVAILABILITY = YES_AGGRESSIVE;
				CLANG_WARN_UNREACHABLE_CODE = YES;
				CLANG_WARN__DUPLICATE_METHOD_MATCH = YES;
				CODE_SIGN_IDENTITY = "iPhone Developer";
				COPY_PHASE_STRIP = NO;
				DEBUG_INFORMATION_FORMAT = dwarf;
				ENABLE_STRICT_OBJC_MSGSEND = YES;
				ENABLE_TESTABILITY = YES;
				GCC_C_LANGUAGE_STANDARD = gnu11;
				GCC_DYNAMIC_NO_PIC = NO;
				GCC_NO_COMMON_BLOCKS = YES;
				GCC_OPTIMIZATION_LEVEL = 0;
				GCC_PREPROCESSOR_DEFINITIONS = (
					"DEBUG=1",
					"$(inherited)",
				);
				GCC_WARN_64_TO_32_BIT_CONVERSION = YES;
				GCC_WARN_ABOUT_RETURN_TYPE = YES_ERROR;
				GCC_WARN_UNDECLARED_SELECTOR = YES;
				GCC_WARN_UNINITIALIZED_AUTOS = YES_AGGRESSIVE;
				GCC_WARN_UNUSED_FUNCTION = YES;
				GCC_WARN_UNUSED_VARIABLE = YES;
				IPHONEOS_DEPLOYMENT_TARGET = 11.0;
				MTL_ENABLE_DEBUG_INFO = YES;
				ONLY_ACTIVE_ARCH = YES;
				SDKROOT = iphoneos;
			};
			name = Debug;
		};
		C93744821F8C955400F01614 /* Release */ = {
			isa = XCBuildConfiguration;
			buildSettings = {
				ALWAYS_SEARCH_USER_PATHS = NO;
				CLANG_ANALYZER_NONNULL = YES;
				CLANG_ANALYZER_NUMBER_OBJECT_CONVERSION = YES_AGGRESSIVE;
				CLANG_CXX_LANGUAGE_STANDARD = "gnu++14";
				CLANG_CXX_LIBRARY = "libc++";
				CLANG_ENABLE_MODULES = YES;
				CLANG_ENABLE_OBJC_ARC = YES;
				CLANG_WARN_BLOCK_CAPTURE_AUTORELEASING = YES;
				CLANG_WARN_BOOL_CONVERSION = YES;
				CLANG_WARN_COMMA = YES;
				CLANG_WARN_CONSTANT_CONVERSION = YES;
				CLANG_WARN_DIRECT_OBJC_ISA_USAGE = YES_ERROR;
				CLANG_WARN_DOCUMENTATION_COMMENTS = YES;
				CLANG_WARN_EMPTY_BODY = YES;
				CLANG_WARN_ENUM_CONVERSION = YES;
				CLANG_WARN_INFINITE_RECURSION = YES;
				CLANG_WARN_INT_CONVERSION = YES;
				CLANG_WARN_NON_LITERAL_NULL_CONVERSION = YES;
				CLANG_WARN_OBJC_LITERAL_CONVERSION = YES;
				CLANG_WARN_OBJC_ROOT_CLASS = YES_ERROR;
				CLANG_WARN_RANGE_LOOP_ANALYSIS = YES;
				CLANG_WARN_STRICT_PROTOTYPES = YES;
				CLANG_WARN_SUSPICIOUS_MOVE = YES;
				CLANG_WARN_UNGUARDED_AVAILABILITY = YES_AGGRESSIVE;
				CLANG_WARN_UNREACHABLE_CODE = YES;
				CLANG_WARN__DUPLICATE_METHOD_MATCH = YES;
				CODE_SIGN_IDENTITY = "iPhone Developer";
				COPY_PHASE_STRIP = NO;
				DEBUG_INFORMATION_FORMAT = "dwarf-with-dsym";
				ENABLE_NS_ASSERTIONS = NO;
				ENABLE_STRICT_OBJC_MSGSEND = YES;
				GCC_C_LANGUAGE_STANDARD = gnu11;
				GCC_NO_COMMON_BLOCKS = YES;
				GCC_WARN_64_TO_32_BIT_CONVERSION = YES;
				GCC_WARN_ABOUT_RETURN_TYPE = YES_ERROR;
				GCC_WARN_UNDECLARED_SELECTOR = YES;
				GCC_WARN_UNINITIALIZED_AUTOS = YES_AGGRESSIVE;
				GCC_WARN_UNUSED_FUNCTION = YES;
				GCC_WARN_UNUSED_VARIABLE = YES;
				IPHONEOS_DEPLOYMENT_TARGET = 11.0;
				MTL_ENABLE_DEBUG_INFO = NO;
				SDKROOT = iphoneos;
				VALIDATE_PRODUCT = YES;
			};
			name = Release;
		};
		C93744841F8C955400F01614 /* Debug */ = {
			isa = XCBuildConfiguration;
			baseConfigurationReference = 8A686C3070A0B7A9316445FB /* Pods-SimpleTool.debug.xcconfig */;
			buildSettings = {
				ASSETCATALOG_COMPILER_APPICON_NAME = AppIcon;
				ASSETCATALOG_COMPILER_LAUNCHIMAGE_NAME = LaunchImage;
				CODE_SIGN_STYLE = Automatic;
				DEVELOPMENT_TEAM = CHEK3X4873;
				GCC_PRECOMPILE_PREFIX_HEADER = YES;
				GCC_PREFIX_HEADER = "/Users/PXJ/Desktop/SimpleTool/SimpleTool/Supporting Files/PrefixHeader.pch";
				INFOPLIST_FILE = "/Users/PXJ/Desktop/SimpleTool/SimpleTool/Supporting Files/Info.plist";
				IPHONEOS_DEPLOYMENT_TARGET = 8.0;
				LD_RUNPATH_SEARCH_PATHS = "$(inherited) @executable_path/Frameworks";
				PRODUCT_BUNDLE_IDENTIFIER = com.simple.SimpleTool;
				PRODUCT_NAME = "$(TARGET_NAME)";
				TARGETED_DEVICE_FAMILY = 1;
			};
			name = Debug;
		};
		C93744851F8C955400F01614 /* Release */ = {
			isa = XCBuildConfiguration;
			baseConfigurationReference = 1225DE9B1B7BDFEBB61EE760 /* Pods-SimpleTool.release.xcconfig */;
			buildSettings = {
				ASSETCATALOG_COMPILER_APPICON_NAME = AppIcon;
				ASSETCATALOG_COMPILER_LAUNCHIMAGE_NAME = LaunchImage;
				CODE_SIGN_STYLE = Automatic;
				DEVELOPMENT_TEAM = CHEK3X4873;
				GCC_PRECOMPILE_PREFIX_HEADER = YES;
				GCC_PREFIX_HEADER = "/Users/PXJ/Desktop/SimpleTool/SimpleTool/Supporting Files/PrefixHeader.pch";
				INFOPLIST_FILE = "/Users/PXJ/Desktop/SimpleTool/SimpleTool/Supporting Files/Info.plist";
				IPHONEOS_DEPLOYMENT_TARGET = 8.0;
				LD_RUNPATH_SEARCH_PATHS = "$(inherited) @executable_path/Frameworks";
				PRODUCT_BUNDLE_IDENTIFIER = com.simple.SimpleTool;
				PRODUCT_NAME = "$(TARGET_NAME)";
				TARGETED_DEVICE_FAMILY = 1;
			};
			name = Release;
		};
		C93744871F8C955500F01614 /* Debug */ = {
			isa = XCBuildConfiguration;
			buildSettings = {
				BUNDLE_LOADER = "$(TEST_HOST)";
				CODE_SIGN_STYLE = Automatic;
				DEVELOPMENT_TEAM = CHEK3X4873;
				INFOPLIST_FILE = SimpleToolTests/Info.plist;
				LD_RUNPATH_SEARCH_PATHS = "$(inherited) @executable_path/Frameworks @loader_path/Frameworks";
				PRODUCT_BUNDLE_IDENTIFIER = com.simple.SimpleToolTests;
				PRODUCT_NAME = "$(TARGET_NAME)";
				TARGETED_DEVICE_FAMILY = "1,2";
				TEST_HOST = "$(BUILT_PRODUCTS_DIR)/SimpleTool.app/SimpleTool";
			};
			name = Debug;
		};
		C93744881F8C955500F01614 /* Release */ = {
			isa = XCBuildConfiguration;
			buildSettings = {
				BUNDLE_LOADER = "$(TEST_HOST)";
				CODE_SIGN_STYLE = Automatic;
				DEVELOPMENT_TEAM = CHEK3X4873;
				INFOPLIST_FILE = SimpleToolTests/Info.plist;
				LD_RUNPATH_SEARCH_PATHS = "$(inherited) @executable_path/Frameworks @loader_path/Frameworks";
				PRODUCT_BUNDLE_IDENTIFIER = com.simple.SimpleToolTests;
				PRODUCT_NAME = "$(TARGET_NAME)";
				TARGETED_DEVICE_FAMILY = "1,2";
				TEST_HOST = "$(BUILT_PRODUCTS_DIR)/SimpleTool.app/SimpleTool";
			};
			name = Release;
		};
		C937448A1F8C955500F01614 /* Debug */ = {
			isa = XCBuildConfiguration;
			buildSettings = {
				CODE_SIGN_STYLE = Automatic;
				DEVELOPMENT_TEAM = CHEK3X4873;
				INFOPLIST_FILE = SimpleToolUITests/Info.plist;
				LD_RUNPATH_SEARCH_PATHS = "$(inherited) @executable_path/Frameworks @loader_path/Frameworks";
				PRODUCT_BUNDLE_IDENTIFIER = com.simple.SimpleToolUITests;
				PRODUCT_NAME = "$(TARGET_NAME)";
				TARGETED_DEVICE_FAMILY = "1,2";
				TEST_TARGET_NAME = SimpleTool;
			};
			name = Debug;
		};
		C937448B1F8C955500F01614 /* Release */ = {
			isa = XCBuildConfiguration;
			buildSettings = {
				CODE_SIGN_STYLE = Automatic;
				DEVELOPMENT_TEAM = CHEK3X4873;
				INFOPLIST_FILE = SimpleToolUITests/Info.plist;
				LD_RUNPATH_SEARCH_PATHS = "$(inherited) @executable_path/Frameworks @loader_path/Frameworks";
				PRODUCT_BUNDLE_IDENTIFIER = com.simple.SimpleToolUITests;
				PRODUCT_NAME = "$(TARGET_NAME)";
				TARGETED_DEVICE_FAMILY = "1,2";
				TEST_TARGET_NAME = SimpleTool;
			};
			name = Release;
		};
/* End XCBuildConfiguration section */

/* Begin XCConfigurationList section */
		C93744521F8C955300F01614 /* Build configuration list for PBXProject "SimpleTool" */ = {
			isa = XCConfigurationList;
			buildConfigurations = (
				C93744811F8C955400F01614 /* Debug */,
				C93744821F8C955400F01614 /* Release */,
			);
			defaultConfigurationIsVisible = 0;
			defaultConfigurationName = Release;
		};
		C93744831F8C955400F01614 /* Build configuration list for PBXNativeTarget "SimpleTool" */ = {
			isa = XCConfigurationList;
			buildConfigurations = (
				C93744841F8C955400F01614 /* Debug */,
				C93744851F8C955400F01614 /* Release */,
			);
			defaultConfigurationIsVisible = 0;
			defaultConfigurationName = Release;
		};
		C93744861F8C955400F01614 /* Build configuration list for PBXNativeTarget "SimpleToolTests" */ = {
			isa = XCConfigurationList;
			buildConfigurations = (
				C93744871F8C955500F01614 /* Debug */,
				C93744881F8C955500F01614 /* Release */,
			);
			defaultConfigurationIsVisible = 0;
			defaultConfigurationName = Release;
		};
		C93744891F8C955500F01614 /* Build configuration list for PBXNativeTarget "SimpleToolUITests" */ = {
			isa = XCConfigurationList;
			buildConfigurations = (
				C937448A1F8C955500F01614 /* Debug */,
				C937448B1F8C955500F01614 /* Release */,
			);
			defaultConfigurationIsVisible = 0;
			defaultConfigurationName = Release;
		};
/* End XCConfigurationList section */
	};
	rootObject = C937444F1F8C955300F01614 /* Project object */;
}
